
Microsoft Visual Studio Solution File, Format Version 12.00
# Visual Studio 2013
VisualStudioVersion = 12.0.21005.1
MinimumVisualStudioVersion = 10.0.40219.1
Project("{FAE04EC0-301F-11D3-BF4B-00C04F79EFBC}") = "WinStoreApp", "WinStoreApp\WinStoreApp.csproj", "{AD1ACC0C-8F66-4705-AD8A-99A275AF40BD}"
EndProject
Project("{FAE04EC0-301F-11D3-BF4B-00C04F79EFBC}") = "WinPhoneApp", "WinPhoneApp\WinPhoneApp.csproj", "{38368182-9235-4BAA-8CB2-1AD67DAB54D6}"
EndProject
Project("{FAE04EC0-301F-11D3-BF4B-00C04F79EFBC}") = "AndroidApp", "AndroidApp\AndroidApp.csproj", "{9F2C820D-487F-4DA4-A360-0A3303F08AA0}"
EndProject
Project("{FAE04EC0-301F-11D3-BF4B-00C04F79EFBC}") = "PCLProject", "PCLProject\PCLProject.csproj", "{860F7219-7F25-4B8F-B3D6-B0B88AF9A81E}"
EndProject
Project("{FAE04EC0-301F-11D3-BF4B-00C04F79EFBC}") = "iosApp", "iosApp\iosApp.csproj", "{808389D5-CCC0-42D2-9FC5-0AB800E02B8B}"
EndProject
Project("{FAE04EC0-301F-11D3-BF4B-00C04F79EFBC}") = "iostestapp", "iostestapp\iostestapp.csproj", "{62E21BEE-D04F-40F8-BE59-55B983E8027D}"
EndProject
Global
	GlobalSection(SolutionConfigurationPlatforms) = preSolution
		Ad-Hoc|Any CPU = Ad-Hoc|Any CPU
		Ad-Hoc|ARM = Ad-Hoc|ARM
		Ad-Hoc|iPhone = Ad-Hoc|iPhone
		Ad-Hoc|iPhoneSimulator = Ad-Hoc|iPhoneSimulator
		Ad-Hoc|Mixed Platforms = Ad-Hoc|Mixed Platforms
		Ad-Hoc|x64 = Ad-Hoc|x64
		Ad-Hoc|x86 = Ad-Hoc|x86
		AppStore|Any CPU = AppStore|Any CPU
		AppStore|ARM = AppStore|ARM
		AppStore|iPhone = AppStore|iPhone
		AppStore|iPhoneSimulator = AppStore|iPhoneSimulator
		AppStore|Mixed Platforms = AppStore|Mixed Platforms
		AppStore|x64 = AppStore|x64
		AppStore|x86 = AppStore|x86
		Debug|Any CPU = Debug|Any CPU
		Debug|ARM = Debug|ARM
		Debug|iPhone = Debug|iPhone
		Debug|iPhoneSimulator = Debug|iPhoneSimulator
		Debug|Mixed Platforms = Debug|Mixed Platforms
		Debug|x64 = Debug|x64
		Debug|x86 = Debug|x86
		Release|Any CPU = Release|Any CPU
		Release|ARM = Release|ARM
		Release|iPhone = Release|iPhone
		Release|iPhoneSimulator = Release|iPhoneSimulator
		Release|Mixed Platforms = Release|Mixed Platforms
		Release|x64 = Release|x64
		Release|x86 = Release|x86
	EndGlobalSection
	GlobalSection(ProjectConfigurationPlatforms) = postSolution
		{AD1ACC0C-8F66-4705-AD8A-99A275AF40BD}.Ad-Hoc|Any CPU.ActiveCfg = Release|Any CPU
		{AD1ACC0C-8F66-4705-AD8A-99A275AF40BD}.Ad-Hoc|Any CPU.Build.0 = Release|Any CPU
		{AD1ACC0C-8F66-4705-AD8A-99A275AF40BD}.Ad-Hoc|Any CPU.Deploy.0 = Release|Any CPU
		{AD1ACC0C-8F66-4705-AD8A-99A275AF40BD}.Ad-Hoc|ARM.ActiveCfg = Release|ARM
		{AD1ACC0C-8F66-4705-AD8A-99A275AF40BD}.Ad-Hoc|ARM.Build.0 = Release|ARM
		{AD1ACC0C-8F66-4705-AD8A-99A275AF40BD}.Ad-Hoc|ARM.Deploy.0 = Release|ARM
		{AD1ACC0C-8F66-4705-AD8A-99A275AF40BD}.Ad-Hoc|iPhone.ActiveCfg = Release|Any CPU
		{AD1ACC0C-8F66-4705-AD8A-99A275AF40BD}.Ad-Hoc|iPhoneSimulator.ActiveCfg = Release|Any CPU
		{AD1ACC0C-8F66-4705-AD8A-99A275AF40BD}.Ad-Hoc|Mixed Platforms.ActiveCfg = Release|x86
		{AD1ACC0C-8F66-4705-AD8A-99A275AF40BD}.Ad-Hoc|Mixed Platforms.Build.0 = Release|x86
		{AD1ACC0C-8F66-4705-AD8A-99A275AF40BD}.Ad-Hoc|Mixed Platforms.Deploy.0 = Release|x86
		{AD1ACC0C-8F66-4705-AD8A-99A275AF40BD}.Ad-Hoc|x64.ActiveCfg = Release|x64
		{AD1ACC0C-8F66-4705-AD8A-99A275AF40BD}.Ad-Hoc|x64.Build.0 = Release|x64
		{AD1ACC0C-8F66-4705-AD8A-99A275AF40BD}.Ad-Hoc|x64.Deploy.0 = Release|x64
		{AD1ACC0C-8F66-4705-AD8A-99A275AF40BD}.Ad-Hoc|x86.ActiveCfg = Release|x86
		{AD1ACC0C-8F66-4705-AD8A-99A275AF40BD}.Ad-Hoc|x86.Build.0 = Release|x86
		{AD1ACC0C-8F66-4705-AD8A-99A275AF40BD}.Ad-Hoc|x86.Deploy.0 = Release|x86
		{AD1ACC0C-8F66-4705-AD8A-99A275AF40BD}.AppStore|Any CPU.ActiveCfg = Release|Any CPU
		{AD1ACC0C-8F66-4705-AD8A-99A275AF40BD}.AppStore|Any CPU.Build.0 = Release|Any CPU
		{AD1ACC0C-8F66-4705-AD8A-99A275AF40BD}.AppStore|Any CPU.Deploy.0 = Release|Any CPU
		{AD1ACC0C-8F66-4705-AD8A-99A275AF40BD}.AppStore|ARM.ActiveCfg = Release|ARM
		{AD1ACC0C-8F66-4705-AD8A-99A275AF40BD}.AppStore|ARM.Build.0 = Release|ARM
		{AD1ACC0C-8F66-4705-AD8A-99A275AF40BD}.AppStore|ARM.Deploy.0 = Release|ARM
		{AD1ACC0C-8F66-4705-AD8A-99A275AF40BD}.AppStore|iPhone.ActiveCfg = Release|Any CPU
		{AD1ACC0C-8F66-4705-AD8A-99A275AF40BD}.AppStore|iPhoneSimulator.ActiveCfg = Release|Any CPU
		{AD1ACC0C-8F66-4705-AD8A-99A275AF40BD}.AppStore|Mixed Platforms.ActiveCfg = Release|x86
		{AD1ACC0C-8F66-4705-AD8A-99A275AF40BD}.AppStore|Mixed Platforms.Build.0 = Release|x86
		{AD1ACC0C-8F66-4705-AD8A-99A275AF40BD}.AppStore|Mixed Platforms.Deploy.0 = Release|x86
		{AD1ACC0C-8F66-4705-AD8A-99A275AF40BD}.AppStore|x64.ActiveCfg = Release|x64
		{AD1ACC0C-8F66-4705-AD8A-99A275AF40BD}.AppStore|x64.Build.0 = Release|x64
		{AD1ACC0C-8F66-4705-AD8A-99A275AF40BD}.AppStore|x64.Deploy.0 = Release|x64
		{AD1ACC0C-8F66-4705-AD8A-99A275AF40BD}.AppStore|x86.ActiveCfg = Release|x86
		{AD1ACC0C-8F66-4705-AD8A-99A275AF40BD}.AppStore|x86.Build.0 = Release|x86
		{AD1ACC0C-8F66-4705-AD8A-99A275AF40BD}.AppStore|x86.Deploy.0 = Release|x86
		{AD1ACC0C-8F66-4705-AD8A-99A275AF40BD}.Debug|Any CPU.ActiveCfg = Debug|Any CPU
		{AD1ACC0C-8F66-4705-AD8A-99A275AF40BD}.Debug|Any CPU.Build.0 = Debug|Any CPU
		{AD1ACC0C-8F66-4705-AD8A-99A275AF40BD}.Debug|Any CPU.Deploy.0 = Debug|Any CPU
		{AD1ACC0C-8F66-4705-AD8A-99A275AF40BD}.Debug|ARM.ActiveCfg = Debug|ARM
		{AD1ACC0C-8F66-4705-AD8A-99A275AF40BD}.Debug|ARM.Build.0 = Debug|ARM
		{AD1ACC0C-8F66-4705-AD8A-99A275AF40BD}.Debug|ARM.Deploy.0 = Debug|ARM
		{AD1ACC0C-8F66-4705-AD8A-99A275AF40BD}.Debug|iPhone.ActiveCfg = Debug|Any CPU
		{AD1ACC0C-8F66-4705-AD8A-99A275AF40BD}.Debug|iPhoneSimulator.ActiveCfg = Debug|Any CPU
		{AD1ACC0C-8F66-4705-AD8A-99A275AF40BD}.Debug|Mixed Platforms.ActiveCfg = Debug|x86
		{AD1ACC0C-8F66-4705-AD8A-99A275AF40BD}.Debug|Mixed Platforms.Build.0 = Debug|x86
		{AD1ACC0C-8F66-4705-AD8A-99A275AF40BD}.Debug|Mixed Platforms.Deploy.0 = Debug|x86
		{AD1ACC0C-8F66-4705-AD8A-99A275AF40BD}.Debug|x64.ActiveCfg = Debug|x64
		{AD1ACC0C-8F66-4705-AD8A-99A275AF40BD}.Debug|x64.Build.0 = Debug|x64
		{AD1ACC0C-8F66-4705-AD8A-99A275AF40BD}.Debug|x64.Deploy.0 = Debug|x64
		{AD1ACC0C-8F66-4705-AD8A-99A275AF40BD}.Debug|x86.ActiveCfg = Debug|x86
		{AD1ACC0C-8F66-4705-AD8A-99A275AF40BD}.Debug|x86.Build.0 = Debug|x86
		{AD1ACC0C-8F66-4705-AD8A-99A275AF40BD}.Debug|x86.Deploy.0 = Debug|x86
		{AD1ACC0C-8F66-4705-AD8A-99A275AF40BD}.Release|Any CPU.ActiveCfg = Release|Any CPU
		{AD1ACC0C-8F66-4705-AD8A-99A275AF40BD}.Release|Any CPU.Build.0 = Release|Any CPU
		{AD1ACC0C-8F66-4705-AD8A-99A275AF40BD}.Release|Any CPU.Deploy.0 = Release|Any CPU
		{AD1ACC0C-8F66-4705-AD8A-99A275AF40BD}.Release|ARM.ActiveCfg = Release|ARM
		{AD1ACC0C-8F66-4705-AD8A-99A275AF40BD}.Release|ARM.Build.0 = Release|ARM
		{AD1ACC0C-8F66-4705-AD8A-99A275AF40BD}.Release|ARM.Deploy.0 = Release|ARM
		{AD1ACC0C-8F66-4705-AD8A-99A275AF40BD}.Release|iPhone.ActiveCfg = Release|Any CPU
		{AD1ACC0C-8F66-4705-AD8A-99A275AF40BD}.Release|iPhoneSimulator.ActiveCfg = Release|Any CPU
		{AD1ACC0C-8F66-4705-AD8A-99A275AF40BD}.Release|Mixed Platforms.ActiveCfg = Release|x86
		{AD1ACC0C-8F66-4705-AD8A-99A275AF40BD}.Release|Mixed Platforms.Build.0 = Release|x86
		{AD1ACC0C-8F66-4705-AD8A-99A275AF40BD}.Release|Mixed Platforms.Deploy.0 = Release|x86
		{AD1ACC0C-8F66-4705-AD8A-99A275AF40BD}.Release|x64.ActiveCfg = Release|x64
		{AD1ACC0C-8F66-4705-AD8A-99A275AF40BD}.Release|x64.Build.0 = Release|x64
		{AD1ACC0C-8F66-4705-AD8A-99A275AF40BD}.Release|x64.Deploy.0 = Release|x64
		{AD1ACC0C-8F66-4705-AD8A-99A275AF40BD}.Release|x86.ActiveCfg = Release|x86
		{AD1ACC0C-8F66-4705-AD8A-99A275AF40BD}.Release|x86.Build.0 = Release|x86
		{AD1ACC0C-8F66-4705-AD8A-99A275AF40BD}.Release|x86.Deploy.0 = Release|x86
		{38368182-9235-4BAA-8CB2-1AD67DAB54D6}.Ad-Hoc|Any CPU.ActiveCfg = Release|Any CPU
		{38368182-9235-4BAA-8CB2-1AD67DAB54D6}.Ad-Hoc|Any CPU.Build.0 = Release|Any CPU
		{38368182-9235-4BAA-8CB2-1AD67DAB54D6}.Ad-Hoc|Any CPU.Deploy.0 = Release|Any CPU
		{38368182-9235-4BAA-8CB2-1AD67DAB54D6}.Ad-Hoc|ARM.ActiveCfg = Release|ARM
		{38368182-9235-4BAA-8CB2-1AD67DAB54D6}.Ad-Hoc|ARM.Build.0 = Release|ARM
		{38368182-9235-4BAA-8CB2-1AD67DAB54D6}.Ad-Hoc|ARM.Deploy.0 = Release|ARM
		{38368182-9235-4BAA-8CB2-1AD67DAB54D6}.Ad-Hoc|iPhone.ActiveCfg = Release|Any CPU
		{38368182-9235-4BAA-8CB2-1AD67DAB54D6}.Ad-Hoc|iPhoneSimulator.ActiveCfg = Release|Any CPU
		{38368182-9235-4BAA-8CB2-1AD67DAB54D6}.Ad-Hoc|Mixed Platforms.ActiveCfg = Release|x86
		{38368182-9235-4BAA-8CB2-1AD67DAB54D6}.Ad-Hoc|Mixed Platforms.Build.0 = Release|x86
		{38368182-9235-4BAA-8CB2-1AD67DAB54D6}.Ad-Hoc|Mixed Platforms.Deploy.0 = Release|x86
		{38368182-9235-4BAA-8CB2-1AD67DAB54D6}.Ad-Hoc|x64.ActiveCfg = Release|Any CPU
		{38368182-9235-4BAA-8CB2-1AD67DAB54D6}.Ad-Hoc|x86.ActiveCfg = Release|x86
		{38368182-9235-4BAA-8CB2-1AD67DAB54D6}.Ad-Hoc|x86.Build.0 = Release|x86
		{38368182-9235-4BAA-8CB2-1AD67DAB54D6}.Ad-Hoc|x86.Deploy.0 = Release|x86
		{38368182-9235-4BAA-8CB2-1AD67DAB54D6}.AppStore|Any CPU.ActiveCfg = Release|Any CPU
		{38368182-9235-4BAA-8CB2-1AD67DAB54D6}.AppStore|Any CPU.Build.0 = Release|Any CPU
		{38368182-9235-4BAA-8CB2-1AD67DAB54D6}.AppStore|Any CPU.Deploy.0 = Release|Any CPU
		{38368182-9235-4BAA-8CB2-1AD67DAB54D6}.AppStore|ARM.ActiveCfg = Release|ARM
		{38368182-9235-4BAA-8CB2-1AD67DAB54D6}.AppStore|ARM.Build.0 = Release|ARM
		{38368182-9235-4BAA-8CB2-1AD67DAB54D6}.AppStore|ARM.Deploy.0 = Release|ARM
		{38368182-9235-4BAA-8CB2-1AD67DAB54D6}.AppStore|iPhone.ActiveCfg = Release|Any CPU
		{38368182-9235-4BAA-8CB2-1AD67DAB54D6}.AppStore|iPhoneSimulator.ActiveCfg = Release|Any CPU
		{38368182-9235-4BAA-8CB2-1AD67DAB54D6}.AppStore|Mixed Platforms.ActiveCfg = Release|x86
		{38368182-9235-4BAA-8CB2-1AD67DAB54D6}.AppStore|Mixed Platforms.Build.0 = Release|x86
		{38368182-9235-4BAA-8CB2-1AD67DAB54D6}.AppStore|Mixed Platforms.Deploy.0 = Release|x86
		{38368182-9235-4BAA-8CB2-1AD67DAB54D6}.AppStore|x64.ActiveCfg = Release|Any CPU
		{38368182-9235-4BAA-8CB2-1AD67DAB54D6}.AppStore|x86.ActiveCfg = Release|x86
		{38368182-9235-4BAA-8CB2-1AD67DAB54D6}.AppStore|x86.Build.0 = Release|x86
		{38368182-9235-4BAA-8CB2-1AD67DAB54D6}.AppStore|x86.Deploy.0 = Release|x86
		{38368182-9235-4BAA-8CB2-1AD67DAB54D6}.Debug|Any CPU.ActiveCfg = Debug|Any CPU
		{38368182-9235-4BAA-8CB2-1AD67DAB54D6}.Debug|Any CPU.Build.0 = Debug|Any CPU
		{38368182-9235-4BAA-8CB2-1AD67DAB54D6}.Debug|Any CPU.Deploy.0 = Debug|Any CPU
		{38368182-9235-4BAA-8CB2-1AD67DAB54D6}.Debug|ARM.ActiveCfg = Debug|ARM
		{38368182-9235-4BAA-8CB2-1AD67DAB54D6}.Debug|ARM.Build.0 = Debug|ARM
		{38368182-9235-4BAA-8CB2-1AD67DAB54D6}.Debug|ARM.Deploy.0 = Debug|ARM
		{38368182-9235-4BAA-8CB2-1AD67DAB54D6}.Debug|iPhone.ActiveCfg = Debug|Any CPU
		{38368182-9235-4BAA-8CB2-1AD67DAB54D6}.Debug|iPhoneSimulator.ActiveCfg = Debug|Any CPU
		{38368182-9235-4BAA-8CB2-1AD67DAB54D6}.Debug|Mixed Platforms.ActiveCfg = Debug|x86
		{38368182-9235-4BAA-8CB2-1AD67DAB54D6}.Debug|Mixed Platforms.Build.0 = Debug|x86
		{38368182-9235-4BAA-8CB2-1AD67DAB54D6}.Debug|Mixed Platforms.Deploy.0 = Debug|x86
		{38368182-9235-4BAA-8CB2-1AD67DAB54D6}.Debug|x64.ActiveCfg = Debug|Any CPU
		{38368182-9235-4BAA-8CB2-1AD67DAB54D6}.Debug|x86.ActiveCfg = Debug|x86
		{38368182-9235-4BAA-8CB2-1AD67DAB54D6}.Debug|x86.Build.0 = Debug|x86
		{38368182-9235-4BAA-8CB2-1AD67DAB54D6}.Debug|x86.Deploy.0 = Debug|x86
		{38368182-9235-4BAA-8CB2-1AD67DAB54D6}.Release|Any CPU.ActiveCfg = Release|Any CPU
		{38368182-9235-4BAA-8CB2-1AD67DAB54D6}.Release|Any CPU.Build.0 = Release|Any CPU
		{38368182-9235-4BAA-8CB2-1AD67DAB54D6}.Release|Any CPU.Deploy.0 = Release|Any CPU
		{38368182-9235-4BAA-8CB2-1AD67DAB54D6}.Release|ARM.ActiveCfg = Release|ARM
		{38368182-9235-4BAA-8CB2-1AD67DAB54D6}.Release|ARM.Build.0 = Release|ARM
		{38368182-9235-4BAA-8CB2-1AD67DAB54D6}.Release|ARM.Deploy.0 = Release|ARM
		{38368182-9235-4BAA-8CB2-1AD67DAB54D6}.Release|iPhone.ActiveCfg = Release|Any CPU
		{38368182-9235-4BAA-8CB2-1AD67DAB54D6}.Release|iPhoneSimulator.ActiveCfg = Release|Any CPU
		{38368182-9235-4BAA-8CB2-1AD67DAB54D6}.Release|Mixed Platforms.ActiveCfg = Release|x86
		{38368182-9235-4BAA-8CB2-1AD67DAB54D6}.Release|Mixed Platforms.Build.0 = Release|x86
		{38368182-9235-4BAA-8CB2-1AD67DAB54D6}.Release|Mixed Platforms.Deploy.0 = Release|x86
		{38368182-9235-4BAA-8CB2-1AD67DAB54D6}.Release|x64.ActiveCfg = Release|Any CPU
		{38368182-9235-4BAA-8CB2-1AD67DAB54D6}.Release|x86.ActiveCfg = Release|x86
		{38368182-9235-4BAA-8CB2-1AD67DAB54D6}.Release|x86.Build.0 = Release|x86
		{38368182-9235-4BAA-8CB2-1AD67DAB54D6}.Release|x86.Deploy.0 = Release|x86
		{9F2C820D-487F-4DA4-A360-0A3303F08AA0}.Ad-Hoc|Any CPU.ActiveCfg = Release|Any CPU
		{9F2C820D-487F-4DA4-A360-0A3303F08AA0}.Ad-Hoc|Any CPU.Build.0 = Release|Any CPU
		{9F2C820D-487F-4DA4-A360-0A3303F08AA0}.Ad-Hoc|Any CPU.Deploy.0 = Release|Any CPU
		{9F2C820D-487F-4DA4-A360-0A3303F08AA0}.Ad-Hoc|ARM.ActiveCfg = Release|Any CPU
		{9F2C820D-487F-4DA4-A360-0A3303F08AA0}.Ad-Hoc|iPhone.ActiveCfg = Release|Any CPU
		{9F2C820D-487F-4DA4-A360-0A3303F08AA0}.Ad-Hoc|iPhoneSimulator.ActiveCfg = Release|Any CPU
		{9F2C820D-487F-4DA4-A360-0A3303F08AA0}.Ad-Hoc|Mixed Platforms.ActiveCfg = Release|Any CPU
		{9F2C820D-487F-4DA4-A360-0A3303F08AA0}.Ad-Hoc|Mixed Platforms.Build.0 = Release|Any CPU
		{9F2C820D-487F-4DA4-A360-0A3303F08AA0}.Ad-Hoc|Mixed Platforms.Deploy.0 = Release|Any CPU
		{9F2C820D-487F-4DA4-A360-0A3303F08AA0}.Ad-Hoc|x64.ActiveCfg = Release|Any CPU
		{9F2C820D-487F-4DA4-A360-0A3303F08AA0}.Ad-Hoc|x86.ActiveCfg = Release|Any CPU
		{9F2C820D-487F-4DA4-A360-0A3303F08AA0}.AppStore|Any CPU.ActiveCfg = Release|Any CPU
		{9F2C820D-487F-4DA4-A360-0A3303F08AA0}.AppStore|Any CPU.Build.0 = Release|Any CPU
		{9F2C820D-487F-4DA4-A360-0A3303F08AA0}.AppStore|Any CPU.Deploy.0 = Release|Any CPU
		{9F2C820D-487F-4DA4-A360-0A3303F08AA0}.AppStore|ARM.ActiveCfg = Release|Any CPU
		{9F2C820D-487F-4DA4-A360-0A3303F08AA0}.AppStore|iPhone.ActiveCfg = Release|Any CPU
		{9F2C820D-487F-4DA4-A360-0A3303F08AA0}.AppStore|iPhoneSimulator.ActiveCfg = Release|Any CPU
		{9F2C820D-487F-4DA4-A360-0A3303F08AA0}.AppStore|Mixed Platforms.ActiveCfg = Release|Any CPU
		{9F2C820D-487F-4DA4-A360-0A3303F08AA0}.AppStore|Mixed Platforms.Build.0 = Release|Any CPU
		{9F2C820D-487F-4DA4-A360-0A3303F08AA0}.AppStore|Mixed Platforms.Deploy.0 = Release|Any CPU
		{9F2C820D-487F-4DA4-A360-0A3303F08AA0}.AppStore|x64.ActiveCfg = Release|Any CPU
		{9F2C820D-487F-4DA4-A360-0A3303F08AA0}.AppStore|x86.ActiveCfg = Release|Any CPU
		{9F2C820D-487F-4DA4-A360-0A3303F08AA0}.Debug|Any CPU.ActiveCfg = Debug|Any CPU
		{9F2C820D-487F-4DA4-A360-0A3303F08AA0}.Debug|Any CPU.Build.0 = Debug|Any CPU
		{9F2C820D-487F-4DA4-A360-0A3303F08AA0}.Debug|Any CPU.Deploy.0 = Debug|Any CPU
		{9F2C820D-487F-4DA4-A360-0A3303F08AA0}.Debug|ARM.ActiveCfg = Debug|Any CPU
		{9F2C820D-487F-4DA4-A360-0A3303F08AA0}.Debug|iPhone.ActiveCfg = Debug|Any CPU
		{9F2C820D-487F-4DA4-A360-0A3303F08AA0}.Debug|iPhoneSimulator.ActiveCfg = Debug|Any CPU
		{9F2C820D-487F-4DA4-A360-0A3303F08AA0}.Debug|Mixed Platforms.ActiveCfg = Debug|Any CPU
		{9F2C820D-487F-4DA4-A360-0A3303F08AA0}.Debug|Mixed Platforms.Build.0 = Debug|Any CPU
		{9F2C820D-487F-4DA4-A360-0A3303F08AA0}.Debug|Mixed Platforms.Deploy.0 = Debug|Any CPU
		{9F2C820D-487F-4DA4-A360-0A3303F08AA0}.Debug|x64.ActiveCfg = Debug|Any CPU
		{9F2C820D-487F-4DA4-A360-0A3303F08AA0}.Debug|x86.ActiveCfg = Debug|Any CPU
		{9F2C820D-487F-4DA4-A360-0A3303F08AA0}.Release|Any CPU.ActiveCfg = Release|Any CPU
		{9F2C820D-487F-4DA4-A360-0A3303F08AA0}.Release|Any CPU.Build.0 = Release|Any CPU
		{9F2C820D-487F-4DA4-A360-0A3303F08AA0}.Release|Any CPU.Deploy.0 = Release|Any CPU
		{9F2C820D-487F-4DA4-A360-0A3303F08AA0}.Release|ARM.ActiveCfg = Release|Any CPU
		{9F2C820D-487F-4DA4-A360-0A3303F08AA0}.Release|iPhone.ActiveCfg = Release|Any CPU
		{9F2C820D-487F-4DA4-A360-0A3303F08AA0}.Release|iPhoneSimulator.ActiveCfg = Release|Any CPU
		{9F2C820D-487F-4DA4-A360-0A3303F08AA0}.Release|Mixed Platforms.ActiveCfg = Release|Any CPU
		{9F2C820D-487F-4DA4-A360-0A3303F08AA0}.Release|Mixed Platforms.Build.0 = Release|Any CPU
		{9F2C820D-487F-4DA4-A360-0A3303F08AA0}.Release|Mixed Platforms.Deploy.0 = Release|Any CPU
		{9F2C820D-487F-4DA4-A360-0A3303F08AA0}.Release|x64.ActiveCfg = Release|Any CPU
		{9F2C820D-487F-4DA4-A360-0A3303F08AA0}.Release|x86.ActiveCfg = Release|Any CPU
		{860F7219-7F25-4B8F-B3D6-B0B88AF9A81E}.Ad-Hoc|Any CPU.ActiveCfg = Release|Any CPU
		{860F7219-7F25-4B8F-B3D6-B0B88AF9A81E}.Ad-Hoc|Any CPU.Build.0 = Release|Any CPU
		{860F7219-7F25-4B8F-B3D6-B0B88AF9A81E}.Ad-Hoc|ARM.ActiveCfg = Release|Any CPU
		{860F7219-7F25-4B8F-B3D6-B0B88AF9A81E}.Ad-Hoc|iPhone.ActiveCfg = Release|Any CPU
		{860F7219-7F25-4B8F-B3D6-B0B88AF9A81E}.Ad-Hoc|iPhoneSimulator.ActiveCfg = Release|Any CPU
		{860F7219-7F25-4B8F-B3D6-B0B88AF9A81E}.Ad-Hoc|Mixed Platforms.ActiveCfg = Release|Any CPU
		{860F7219-7F25-4B8F-B3D6-B0B88AF9A81E}.Ad-Hoc|Mixed Platforms.Build.0 = Release|Any CPU
		{860F7219-7F25-4B8F-B3D6-B0B88AF9A81E}.Ad-Hoc|x64.ActiveCfg = Release|Any CPU
		{860F7219-7F25-4B8F-B3D6-B0B88AF9A81E}.Ad-Hoc|x86.ActiveCfg = Release|Any CPU
		{860F7219-7F25-4B8F-B3D6-B0B88AF9A81E}.AppStore|Any CPU.ActiveCfg = Release|Any CPU
		{860F7219-7F25-4B8F-B3D6-B0B88AF9A81E}.AppStore|Any CPU.Build.0 = Release|Any CPU
		{860F7219-7F25-4B8F-B3D6-B0B88AF9A81E}.AppStore|ARM.ActiveCfg = Release|Any CPU
		{860F7219-7F25-4B8F-B3D6-B0B88AF9A81E}.AppStore|iPhone.ActiveCfg = Release|Any CPU
		{860F7219-7F25-4B8F-B3D6-B0B88AF9A81E}.AppStore|iPhoneSimulator.ActiveCfg = Release|Any CPU
		{860F7219-7F25-4B8F-B3D6-B0B88AF9A81E}.AppStore|Mixed Platforms.ActiveCfg = Release|Any CPU
		{860F7219-7F25-4B8F-B3D6-B0B88AF9A81E}.AppStore|Mixed Platforms.Build.0 = Release|Any CPU
		{860F7219-7F25-4B8F-B3D6-B0B88AF9A81E}.AppStore|x64.ActiveCfg = Release|Any CPU
		{860F7219-7F25-4B8F-B3D6-B0B88AF9A81E}.AppStore|x86.ActiveCfg = Release|Any CPU
		{860F7219-7F25-4B8F-B3D6-B0B88AF9A81E}.Debug|Any CPU.ActiveCfg = Debug|Any CPU
		{860F7219-7F25-4B8F-B3D6-B0B88AF9A81E}.Debug|Any CPU.Build.0 = Debug|Any CPU
		{860F7219-7F25-4B8F-B3D6-B0B88AF9A81E}.Debug|ARM.ActiveCfg = Debug|Any CPU
		{860F7219-7F25-4B8F-B3D6-B0B88AF9A81E}.Debug|iPhone.ActiveCfg = Debug|Any CPU
		{860F7219-7F25-4B8F-B3D6-B0B88AF9A81E}.Debug|iPhoneSimulator.ActiveCfg = Debug|Any CPU
		{860F7219-7F25-4B8F-B3D6-B0B88AF9A81E}.Debug|Mixed Platforms.ActiveCfg = Debug|Any CPU
		{860F7219-7F25-4B8F-B3D6-B0B88AF9A81E}.Debug|Mixed Platforms.Build.0 = Debug|Any CPU
		{860F7219-7F25-4B8F-B3D6-B0B88AF9A81E}.Debug|x64.ActiveCfg = Debug|Any CPU
		{860F7219-7F25-4B8F-B3D6-B0B88AF9A81E}.Debug|x86.ActiveCfg = Debug|Any CPU
		{860F7219-7F25-4B8F-B3D6-B0B88AF9A81E}.Release|Any CPU.ActiveCfg = Release|Any CPU
		{860F7219-7F25-4B8F-B3D6-B0B88AF9A81E}.Release|Any CPU.Build.0 = Release|Any CPU
		{860F7219-7F25-4B8F-B3D6-B0B88AF9A81E}.Release|ARM.ActiveCfg = Release|Any CPU
		{860F7219-7F25-4B8F-B3D6-B0B88AF9A81E}.Release|iPhone.ActiveCfg = Release|Any CPU
		{860F7219-7F25-4B8F-B3D6-B0B88AF9A81E}.Release|iPhoneSimulator.ActiveCfg = Release|Any CPU
		{860F7219-7F25-4B8F-B3D6-B0B88AF9A81E}.Release|Mixed Platforms.ActiveCfg = Release|Any CPU
		{860F7219-7F25-4B8F-B3D6-B0B88AF9A81E}.Release|Mixed Platforms.Build.0 = Release|Any CPU
		{860F7219-7F25-4B8F-B3D6-B0B88AF9A81E}.Release|x64.ActiveCfg = Release|Any CPU
		{860F7219-7F25-4B8F-B3D6-B0B88AF9A81E}.Release|x86.ActiveCfg = Release|Any CPU
		{808389D5-CCC0-42D2-9FC5-0AB800E02B8B}.Ad-Hoc|Any CPU.ActiveCfg = Ad-Hoc|iPhone
		{808389D5-CCC0-42D2-9FC5-0AB800E02B8B}.Ad-Hoc|ARM.ActiveCfg = Ad-Hoc|iPhone
		{808389D5-CCC0-42D2-9FC5-0AB800E02B8B}.Ad-Hoc|iPhone.ActiveCfg = Ad-Hoc|iPhone
		{808389D5-CCC0-42D2-9FC5-0AB800E02B8B}.Ad-Hoc|iPhone.Build.0 = Ad-Hoc|iPhone
		{808389D5-CCC0-42D2-9FC5-0AB800E02B8B}.Ad-Hoc|iPhone.Deploy.0 = Ad-Hoc|iPhone
		{808389D5-CCC0-42D2-9FC5-0AB800E02B8B}.Ad-Hoc|iPhoneSimulator.ActiveCfg = Ad-Hoc|iPhoneSimulator
		{808389D5-CCC0-42D2-9FC5-0AB800E02B8B}.Ad-Hoc|iPhoneSimulator.Build.0 = Ad-Hoc|iPhoneSimulator
		{808389D5-CCC0-42D2-9FC5-0AB800E02B8B}.Ad-Hoc|iPhoneSimulator.Deploy.0 = Ad-Hoc|iPhoneSimulator
		{808389D5-CCC0-42D2-9FC5-0AB800E02B8B}.Ad-Hoc|Mixed Platforms.ActiveCfg = Ad-Hoc|iPhone
		{808389D5-CCC0-42D2-9FC5-0AB800E02B8B}.Ad-Hoc|Mixed Platforms.Build.0 = Ad-Hoc|iPhone
		{808389D5-CCC0-42D2-9FC5-0AB800E02B8B}.Ad-Hoc|Mixed Platforms.Deploy.0 = Ad-Hoc|iPhone
		{808389D5-CCC0-42D2-9FC5-0AB800E02B8B}.Ad-Hoc|x64.ActiveCfg = Ad-Hoc|iPhone
		{808389D5-CCC0-42D2-9FC5-0AB800E02B8B}.Ad-Hoc|x86.ActiveCfg = Ad-Hoc|iPhone
		{808389D5-CCC0-42D2-9FC5-0AB800E02B8B}.AppStore|Any CPU.ActiveCfg = AppStore|iPhone
		{808389D5-CCC0-42D2-9FC5-0AB800E02B8B}.AppStore|ARM.ActiveCfg = AppStore|iPhone
		{808389D5-CCC0-42D2-9FC5-0AB800E02B8B}.AppStore|iPhone.ActiveCfg = AppStore|iPhone
		{808389D5-CCC0-42D2-9FC5-0AB800E02B8B}.AppStore|iPhone.Build.0 = AppStore|iPhone
		{808389D5-CCC0-42D2-9FC5-0AB800E02B8B}.AppStore|iPhone.Deploy.0 = AppStore|iPhone
		{808389D5-CCC0-42D2-9FC5-0AB800E02B8B}.AppStore|iPhoneSimulator.ActiveCfg = AppStore|iPhoneSimulator
		{808389D5-CCC0-42D2-9FC5-0AB800E02B8B}.AppStore|iPhoneSimulator.Build.0 = AppStore|iPhoneSimulator
		{808389D5-CCC0-42D2-9FC5-0AB800E02B8B}.AppStore|iPhoneSimulator.Deploy.0 = AppStore|iPhoneSimulator
		{808389D5-CCC0-42D2-9FC5-0AB800E02B8B}.AppStore|Mixed Platforms.ActiveCfg = AppStore|iPhone
		{808389D5-CCC0-42D2-9FC5-0AB800E02B8B}.AppStore|Mixed Platforms.Build.0 = AppStore|iPhone
		{808389D5-CCC0-42D2-9FC5-0AB800E02B8B}.AppStore|Mixed Platforms.Deploy.0 = AppStore|iPhone
		{808389D5-CCC0-42D2-9FC5-0AB800E02B8B}.AppStore|x64.ActiveCfg = AppStore|iPhone
		{808389D5-CCC0-42D2-9FC5-0AB800E02B8B}.AppStore|x86.ActiveCfg = AppStore|iPhone
		{808389D5-CCC0-42D2-9FC5-0AB800E02B8B}.Debug|Any CPU.ActiveCfg = Debug|iPhone
		{808389D5-CCC0-42D2-9FC5-0AB800E02B8B}.Debug|ARM.ActiveCfg = Debug|iPhone
		{808389D5-CCC0-42D2-9FC5-0AB800E02B8B}.Debug|iPhone.ActiveCfg = Debug|iPhone
		{808389D5-CCC0-42D2-9FC5-0AB800E02B8B}.Debug|iPhone.Build.0 = Debug|iPhone
		{808389D5-CCC0-42D2-9FC5-0AB800E02B8B}.Debug|iPhone.Deploy.0 = Debug|iPhone
		{808389D5-CCC0-42D2-9FC5-0AB800E02B8B}.Debug|iPhoneSimulator.ActiveCfg = Debug|iPhoneSimulator
		{808389D5-CCC0-42D2-9FC5-0AB800E02B8B}.Debug|iPhoneSimulator.Build.0 = Debug|iPhoneSimulator
		{808389D5-CCC0-42D2-9FC5-0AB800E02B8B}.Debug|iPhoneSimulator.Deploy.0 = Debug|iPhoneSimulator
		{808389D5-CCC0-42D2-9FC5-0AB800E02B8B}.Debug|Mixed Platforms.ActiveCfg = Debug|iPhone
		{808389D5-CCC0-42D2-9FC5-0AB800E02B8B}.Debug|Mixed Platforms.Build.0 = Debug|iPhone
		{808389D5-CCC0-42D2-9FC5-0AB800E02B8B}.Debug|Mixed Platforms.Deploy.0 = Debug|iPhone
		{808389D5-CCC0-42D2-9FC5-0AB800E02B8B}.Debug|x64.ActiveCfg = Debug|iPhone
		{808389D5-CCC0-42D2-9FC5-0AB800E02B8B}.Debug|x86.ActiveCfg = Debug|iPhone
		{808389D5-CCC0-42D2-9FC5-0AB800E02B8B}.Release|Any CPU.ActiveCfg = Release|iPhone
		{808389D5-CCC0-42D2-9FC5-0AB800E02B8B}.Release|ARM.ActiveCfg = Release|iPhone
		{808389D5-CCC0-42D2-9FC5-0AB800E02B8B}.Release|iPhone.ActiveCfg = Release|iPhone
		{808389D5-CCC0-42D2-9FC5-0AB800E02B8B}.Release|iPhone.Build.0 = Release|iPhone
		{808389D5-CCC0-42D2-9FC5-0AB800E02B8B}.Release|iPhone.Deploy.0 = Release|iPhone
		{808389D5-CCC0-42D2-9FC5-0AB800E02B8B}.Release|iPhoneSimulator.ActiveCfg = Release|iPhoneSimulator
		{808389D5-CCC0-42D2-9FC5-0AB800E02B8B}.Release|iPhoneSimulator.Build.0 = Release|iPhoneSimulator
		{808389D5-CCC0-42D2-9FC5-0AB800E02B8B}.Release|iPhoneSimulator.Deploy.0 = Release|iPhoneSimulator
		{808389D5-CCC0-42D2-9FC5-0AB800E02B8B}.Release|Mixed Platforms.ActiveCfg = Release|iPhone
		{808389D5-CCC0-42D2-9FC5-0AB800E02B8B}.Release|Mixed Platforms.Build.0 = Release|iPhone
		{808389D5-CCC0-42D2-9FC5-0AB800E02B8B}.Release|Mixed Platforms.Deploy.0 = Release|iPhone
		{808389D5-CCC0-42D2-9FC5-0AB800E02B8B}.Release|x64.ActiveCfg = Release|iPhone
		{808389D5-CCC0-42D2-9FC5-0AB800E02B8B}.Release|x86.ActiveCfg = Release|iPhone
		{62E21BEE-D04F-40F8-BE59-55B983E8027D}.Ad-Hoc|Any CPU.ActiveCfg = Ad-Hoc|iPhone
		{62E21BEE-D04F-40F8-BE59-55B983E8027D}.Ad-Hoc|ARM.ActiveCfg = Ad-Hoc|iPhone
		{62E21BEE-D04F-40F8-BE59-55B983E8027D}.Ad-Hoc|iPhone.ActiveCfg = Ad-Hoc|iPhone
		{62E21BEE-D04F-40F8-BE59-55B983E8027D}.Ad-Hoc|iPhone.Build.0 = Ad-Hoc|iPhone
		{62E21BEE-D04F-40F8-BE59-55B983E8027D}.Ad-Hoc|iPhone.Deploy.0 = Ad-Hoc|iPhone
		{62E21BEE-D04F-40F8-BE59-55B983E8027D}.Ad-Hoc|iPhoneSimulator.ActiveCfg = Ad-Hoc|iPhoneSimulator
		{62E21BEE-D04F-40F8-BE59-55B983E8027D}.Ad-Hoc|iPhoneSimulator.Build.0 = Ad-Hoc|iPhoneSimulator
		{62E21BEE-D04F-40F8-BE59-55B983E8027D}.Ad-Hoc|iPhoneSimulator.Deploy.0 = Ad-Hoc|iPhoneSimulator
		{62E21BEE-D04F-40F8-BE59-55B983E8027D}.Ad-Hoc|Mixed Platforms.ActiveCfg = Ad-Hoc|iPhone
		{62E21BEE-D04F-40F8-BE59-55B983E8027D}.Ad-Hoc|Mixed Platforms.Build.0 = Ad-Hoc|iPhone
		{62E21BEE-D04F-40F8-BE59-55B983E8027D}.Ad-Hoc|Mixed Platforms.Deploy.0 = Ad-Hoc|iPhone
		{62E21BEE-D04F-40F8-BE59-55B983E8027D}.Ad-Hoc|x64.ActiveCfg = Ad-Hoc|iPhone
		{62E21BEE-D04F-40F8-BE59-55B983E8027D}.Ad-Hoc|x86.ActiveCfg = Ad-Hoc|iPhone
		{62E21BEE-D04F-40F8-BE59-55B983E8027D}.AppStore|Any CPU.ActiveCfg = AppStore|iPhone
		{62E21BEE-D04F-40F8-BE59-55B983E8027D}.AppStore|ARM.ActiveCfg = AppStore|iPhone
		{62E21BEE-D04F-40F8-BE59-55B983E8027D}.AppStore|iPhone.ActiveCfg = AppStore|iPhone
		{62E21BEE-D04F-40F8-BE59-55B983E8027D}.AppStore|iPhone.Build.0 = AppStore|iPhone
		{62E21BEE-D04F-40F8-BE59-55B983E8027D}.AppStore|iPhone.Deploy.0 = AppStore|iPhone
		{62E21BEE-D04F-40F8-BE59-55B983E8027D}.AppStore|iPhoneSimulator.ActiveCfg = AppStore|iPhoneSimulator
		{62E21BEE-D04F-40F8-BE59-55B983E8027D}.AppStore|iPhoneSimulator.Build.0 = AppStore|iPhoneSimulator
		{62E21BEE-D04F-40F8-BE59-55B983E8027D}.AppStore|iPhoneSimulator.Deploy.0 = AppStore|iPhoneSimulator
		{62E21BEE-D04F-40F8-BE59-55B983E8027D}.AppStore|Mixed Platforms.ActiveCfg = AppStore|iPhone
		{62E21BEE-D04F-40F8-BE59-55B983E8027D}.AppStore|Mixed Platforms.Build.0 = AppStore|iPhone
		{62E21BEE-D04F-40F8-BE59-55B983E8027D}.AppStore|Mixed Platforms.Deploy.0 = AppStore|iPhone
		{62E21BEE-D04F-40F8-BE59-55B983E8027D}.AppStore|x64.ActiveCfg = AppStore|iPhone
		{62E21BEE-D04F-40F8-BE59-55B983E8027D}.AppStore|x86.ActiveCfg = AppStore|iPhone
		{62E21BEE-D04F-40F8-BE59-55B983E8027D}.Debug|Any CPU.ActiveCfg = Debug|iPhone
		{62E21BEE-D04F-40F8-BE59-55B983E8027D}.Debug|ARM.ActiveCfg = Debug|iPhone
		{62E21BEE-D04F-40F8-BE59-55B983E8027D}.Debug|iPhone.ActiveCfg = Debug|iPhone
		{62E21BEE-D04F-40F8-BE59-55B983E8027D}.Debug|iPhone.Build.0 = Debug|iPhone
		{62E21BEE-D04F-40F8-BE59-55B983E8027D}.Debug|iPhone.Deploy.0 = Debug|iPhone
		{62E21BEE-D04F-40F8-BE59-55B983E8027D}.Debug|iPhoneSimulator.ActiveCfg = Debug|iPhoneSimulator
		{62E21BEE-D04F-40F8-BE59-55B983E8027D}.Debug|iPhoneSimulator.Build.0 = Debug|iPhoneSimulator
		{62E21BEE-D04F-40F8-BE59-55B983E8027D}.Debug|iPhoneSimulator.Deploy.0 = Debug|iPhoneSimulator
		{62E21BEE-D04F-40F8-BE59-55B983E8027D}.Debug|Mixed Platforms.ActiveCfg = Debug|iPhone
		{62E21BEE-D04F-40F8-BE59-55B983E8027D}.Debug|Mixed Platforms.Build.0 = Debug|iPhone
		{62E21BEE-D04F-40F8-BE59-55B983E8027D}.Debug|Mixed Platforms.Deploy.0 = Debug|iPhone
		{62E21BEE-D04F-40F8-BE59-55B983E8027D}.Debug|x64.ActiveCfg = Debug|iPhone
		{62E21BEE-D04F-40F8-BE59-55B983E8027D}.Debug|x86.ActiveCfg = Debug|iPhone
		{62E21BEE-D04F-40F8-BE59-55B983E8027D}.Release|Any CPU.ActiveCfg = Release|iPhone
		{62E21BEE-D04F-40F8-BE59-55B983E8027D}.Release|ARM.ActiveCfg = Release|iPhone
		{62E21BEE-D04F-40F8-BE59-55B983E8027D}.Release|iPhone.ActiveCfg = Release|iPhone
		{62E21BEE-D04F-40F8-BE59-55B983E8027D}.Release|iPhone.Build.0 = Release|iPhone
		{62E21BEE-D04F-40F8-BE59-55B983E8027D}.Release|iPhone.Deploy.0 = Release|iPhone
		{62E21BEE-D04F-40F8-BE59-55B983E8027D}.Release|iPhoneSimulator.ActiveCfg = Release|iPhoneSimulator
		{62E21BEE-D04F-40F8-BE59-55B983E8027D}.Release|iPhoneSimulator.Build.0 = Release|iPhoneSimulator
		{62E21BEE-D04F-40F8-BE59-55B983E8027D}.Release|iPhoneSimulator.Deploy.0 = Release|iPhoneSimulator
		{62E21BEE-D04F-40F8-BE59-55B983E8027D}.Release|Mixed Platforms.ActiveCfg = Release|iPhone
		{62E21BEE-D04F-40F8-BE59-55B983E8027D}.Release|Mixed Platforms.Build.0 = Release|iPhone
		{62E21BEE-D04F-40F8-BE59-55B983E8027D}.Release|Mixed Platforms.Deploy.0 = Release|iPhone
		{62E21BEE-D04F-40F8-BE59-55B983E8027D}.Release|x64.ActiveCfg = Release|iPhone
		{62E21BEE-D04F-40F8-BE59-55B983E8027D}.Release|x86.ActiveCfg = Release|iPhone
	EndGlobalSection
	GlobalSection(SolutionProperties) = preSolution
		HideSolutionNode = FALSE
	EndGlobalSection
EndGlobal
