
Microsoft Visual Studio Solution File, Format Version 12.00
# Visual Studio 2013
VisualStudioVersion = 12.0.21005.1
MinimumVisualStudioVersion = 10.0.40219.1
Project("{FAE04EC0-301F-11D3-BF4B-00C04F79EFBC}") = "WinStoreApp", "WinStoreApp\WinStoreApp.csproj", "{AD1ACC0C-8F66-4705-AD8A-99A275AF40BD}"
EndProject
Project("{FAE04EC0-301F-11D3-BF4B-00C04F79EFBC}") = "WinPhoneApp", "WinPhoneApp\WinPhoneApp.csproj", "{38368182-9235-4BAA-8CB2-1AD67DAB54D6}"
EndProject
Project("{FAE04EC0-301F-11D3-BF4B-00C04F79EFBC}") = "AndroidApp", "AndroidApp\AndroidApp.csproj", "{9F2C820D-487F-4DA4-A360-0A3303F08AA0}"
EndProject
Global
	GlobalSection(SolutionConfigurationPlatforms) = preSolution
		Debug|Any CPU = Debug|Any CPU
		Debug|ARM = Debug|ARM
		Debug|x64 = Debug|x64
		Debug|x86 = Debug|x86
		Release|Any CPU = Release|Any CPU
		Release|ARM = Release|ARM
		Release|x64 = Release|x64
		Release|x86 = Release|x86
	EndGlobalSection
	GlobalSection(ProjectConfigurationPlatforms) = postSolution
		{AD1ACC0C-8F66-4705-AD8A-99A275AF40BD}.Debug|Any CPU.ActiveCfg = Debug|Any CPU
		{AD1ACC0C-8F66-4705-AD8A-99A275AF40BD}.Debug|Any CPU.Build.0 = Debug|Any CPU
		{AD1ACC0C-8F66-4705-AD8A-99A275AF40BD}.Debug|Any CPU.Deploy.0 = Debug|Any CPU
		{AD1ACC0C-8F66-4705-AD8A-99A275AF40BD}.Debug|ARM.ActiveCfg = Debug|ARM
		{AD1ACC0C-8F66-4705-AD8A-99A275AF40BD}.Debug|ARM.Build.0 = Debug|ARM
		{AD1ACC0C-8F66-4705-AD8A-99A275AF40BD}.Debug|ARM.Deploy.0 = Debug|ARM
		{AD1ACC0C-8F66-4705-AD8A-99A275AF40BD}.Debug|x64.ActiveCfg = Debug|x64
		{AD1ACC0C-8F66-4705-AD8A-99A275AF40BD}.Debug|x64.Build.0 = Debug|x64
		{AD1ACC0C-8F66-4705-AD8A-99A275AF40BD}.Debug|x64.Deploy.0 = Debug|x64
		{AD1ACC0C-8F66-4705-AD8A-99A275AF40BD}.Debug|x86.ActiveCfg = Debug|x86
		{AD1ACC0C-8F66-4705-AD8A-99A275AF40BD}.Debug|x86.Build.0 = Debug|x86
		{AD1ACC0C-8F66-4705-AD8A-99A275AF40BD}.Debug|x86.Deploy.0 = Debug|x86
		{AD1ACC0C-8F66-4705-AD8A-99A275AF40BD}.Release|Any CPU.ActiveCfg = Release|Any CPU
		{AD1ACC0C-8F66-4705-AD8A-99A275AF40BD}.Release|Any CPU.Build.0 = Release|Any CPU
		{AD1ACC0C-8F66-4705-AD8A-99A275AF40BD}.Release|Any CPU.Deploy.0 = Release|Any CPU
		{AD1ACC0C-8F66-4705-AD8A-99A275AF40BD}.Release|ARM.ActiveCfg = Release|ARM
		{AD1ACC0C-8F66-4705-AD8A-99A275AF40BD}.Release|ARM.Build.0 = Release|ARM
		{AD1ACC0C-8F66-4705-AD8A-99A275AF40BD}.Release|ARM.Deploy.0 = Release|ARM
		{AD1ACC0C-8F66-4705-AD8A-99A275AF40BD}.Release|x64.ActiveCfg = Release|x64
		{AD1ACC0C-8F66-4705-AD8A-99A275AF40BD}.Release|x64.Build.0 = Release|x64
		{AD1ACC0C-8F66-4705-AD8A-99A275AF40BD}.Release|x64.Deploy.0 = Release|x64
		{AD1ACC0C-8F66-4705-AD8A-99A275AF40BD}.Release|x86.ActiveCfg = Release|x86
		{AD1ACC0C-8F66-4705-AD8A-99A275AF40BD}.Release|x86.Build.0 = Release|x86
		{AD1ACC0C-8F66-4705-AD8A-99A275AF40BD}.Release|x86.Deploy.0 = Release|x86
		{38368182-9235-4BAA-8CB2-1AD67DAB54D6}.Debug|Any CPU.ActiveCfg = Debug|Any CPU
		{38368182-9235-4BAA-8CB2-1AD67DAB54D6}.Debug|Any CPU.Build.0 = Debug|Any CPU
		{38368182-9235-4BAA-8CB2-1AD67DAB54D6}.Debug|Any CPU.Deploy.0 = Debug|Any CPU
		{38368182-9235-4BAA-8CB2-1AD67DAB54D6}.Debug|ARM.ActiveCfg = Debug|ARM
		{38368182-9235-4BAA-8CB2-1AD67DAB54D6}.Debug|ARM.Build.0 = Debug|ARM
		{38368182-9235-4BAA-8CB2-1AD67DAB54D6}.Debug|ARM.Deploy.0 = Debug|ARM
		{38368182-9235-4BAA-8CB2-1AD67DAB54D6}.Debug|x64.ActiveCfg = Debug|Any CPU
		{38368182-9235-4BAA-8CB2-1AD67DAB54D6}.Debug|x86.ActiveCfg = Debug|x86
		{38368182-9235-4BAA-8CB2-1AD67DAB54D6}.Debug|x86.Build.0 = Debug|x86
		{38368182-9235-4BAA-8CB2-1AD67DAB54D6}.Debug|x86.Deploy.0 = Debug|x86
		{38368182-9235-4BAA-8CB2-1AD67DAB54D6}.Release|Any CPU.ActiveCfg = Release|Any CPU
		{38368182-9235-4BAA-8CB2-1AD67DAB54D6}.Release|Any CPU.Build.0 = Release|Any CPU
		{38368182-9235-4BAA-8CB2-1AD67DAB54D6}.Release|Any CPU.Deploy.0 = Release|Any CPU
		{38368182-9235-4BAA-8CB2-1AD67DAB54D6}.Release|ARM.ActiveCfg = Release|ARM
		{38368182-9235-4BAA-8CB2-1AD67DAB54D6}.Release|ARM.Build.0 = Release|ARM
		{38368182-9235-4BAA-8CB2-1AD67DAB54D6}.Release|ARM.Deploy.0 = Release|ARM
		{38368182-9235-4BAA-8CB2-1AD67DAB54D6}.Release|x64.ActiveCfg = Release|Any CPU
		{38368182-9235-4BAA-8CB2-1AD67DAB54D6}.Release|x86.ActiveCfg = Release|x86
		{38368182-9235-4BAA-8CB2-1AD67DAB54D6}.Release|x86.Build.0 = Release|x86
		{38368182-9235-4BAA-8CB2-1AD67DAB54D6}.Release|x86.Deploy.0 = Release|x86
		{9F2C820D-487F-4DA4-A360-0A3303F08AA0}.Debug|Any CPU.ActiveCfg = Debug|Any CPU
		{9F2C820D-487F-4DA4-A360-0A3303F08AA0}.Debug|Any CPU.Build.0 = Debug|Any CPU
		{9F2C820D-487F-4DA4-A360-0A3303F08AA0}.Debug|Any CPU.Deploy.0 = Debug|Any CPU
		{9F2C820D-487F-4DA4-A360-0A3303F08AA0}.Debug|ARM.ActiveCfg = Debug|Any CPU
		{9F2C820D-487F-4DA4-A360-0A3303F08AA0}.Debug|x64.ActiveCfg = Debug|Any CPU
		{9F2C820D-487F-4DA4-A360-0A3303F08AA0}.Debug|x86.ActiveCfg = Debug|Any CPU
		{9F2C820D-487F-4DA4-A360-0A3303F08AA0}.Release|Any CPU.ActiveCfg = Release|Any CPU
		{9F2C820D-487F-4DA4-A360-0A3303F08AA0}.Release|Any CPU.Build.0 = Release|Any CPU
		{9F2C820D-487F-4DA4-A360-0A3303F08AA0}.Release|Any CPU.Deploy.0 = Release|Any CPU
		{9F2C820D-487F-4DA4-A360-0A3303F08AA0}.Release|ARM.ActiveCfg = Release|Any CPU
		{9F2C820D-487F-4DA4-A360-0A3303F08AA0}.Release|x64.ActiveCfg = Release|Any CPU
		{9F2C820D-487F-4DA4-A360-0A3303F08AA0}.Release|x86.ActiveCfg = Release|Any CPU
	EndGlobalSection
	GlobalSection(SolutionProperties) = preSolution
		HideSolutionNode = FALSE
	EndGlobalSection
EndGlobal
