
Microsoft Visual Studio Solution File, Format Version 12.00
# Visual Studio 2013
VisualStudioVersion = 12.0.30110.0
MinimumVisualStudioVersion = 10.0.40219.1
Project("{FAE04EC0-301F-11D3-BF4B-00C04F79EFBC}") = "WinStoreApp", "xplatdemo\WinStoreApp.csproj", "{C8FCA4E8-5E5B-4B79-95A9-A74383823FEC}"
EndProject
Project("{2150E333-8FDC-42A3-9474-1A3956D46DE8}") = ".nuget", ".nuget", "{FED4E434-F073-4E6F-A623-A445FC2CE0B3}"
	ProjectSection(SolutionItems) = preProject
		.nuget\NuGet.Config = .nuget\NuGet.Config
		.nuget\NuGet.targets = .nuget\NuGet.targets
	EndProjectSection
EndProject
Project("{FAE04EC0-301F-11D3-BF4B-00C04F79EFBC}") = "iOSApp", "..\xplatdemoXamIOS\xplatdemo\iOSApp.csproj", "{07F1CD1B-626F-4BE5-9840-97B44CBB94C9}"
EndProject
Project("{FAE04EC0-301F-11D3-BF4B-00C04F79EFBC}") = "PortableClassLibrary", "..\PortableClassLibrary\PortableClassLibrary.csproj", "{A2D0E166-5A88-41E0-A8AA-87F9EF97B6B3}"
EndProject
Global
	GlobalSection(SolutionConfigurationPlatforms) = preSolution
		Ad-Hoc|Any CPU = Ad-Hoc|Any CPU
		Ad-Hoc|ARM = Ad-Hoc|ARM
		Ad-Hoc|iPhone = Ad-Hoc|iPhone
		Ad-Hoc|iPhoneSimulator = Ad-Hoc|iPhoneSimulator
		Ad-Hoc|Mixed Platforms = Ad-Hoc|Mixed Platforms
		Ad-Hoc|x64 = Ad-Hoc|x64
		Ad-Hoc|x86 = Ad-Hoc|x86
		AppStore|Any CPU = AppStore|Any CPU
		AppStore|ARM = AppStore|ARM
		AppStore|iPhone = AppStore|iPhone
		AppStore|iPhoneSimulator = AppStore|iPhoneSimulator
		AppStore|Mixed Platforms = AppStore|Mixed Platforms
		AppStore|x64 = AppStore|x64
		AppStore|x86 = AppStore|x86
		Debug|Any CPU = Debug|Any CPU
		Debug|ARM = Debug|ARM
		Debug|iPhone = Debug|iPhone
		Debug|iPhoneSimulator = Debug|iPhoneSimulator
		Debug|Mixed Platforms = Debug|Mixed Platforms
		Debug|x64 = Debug|x64
		Debug|x86 = Debug|x86
		Release|Any CPU = Release|Any CPU
		Release|ARM = Release|ARM
		Release|iPhone = Release|iPhone
		Release|iPhoneSimulator = Release|iPhoneSimulator
		Release|Mixed Platforms = Release|Mixed Platforms
		Release|x64 = Release|x64
		Release|x86 = Release|x86
	EndGlobalSection
	GlobalSection(ProjectConfigurationPlatforms) = postSolution
		{C8FCA4E8-5E5B-4B79-95A9-A74383823FEC}.Ad-Hoc|Any CPU.ActiveCfg = Release|Any CPU
		{C8FCA4E8-5E5B-4B79-95A9-A74383823FEC}.Ad-Hoc|Any CPU.Build.0 = Release|Any CPU
		{C8FCA4E8-5E5B-4B79-95A9-A74383823FEC}.Ad-Hoc|Any CPU.Deploy.0 = Release|Any CPU
		{C8FCA4E8-5E5B-4B79-95A9-A74383823FEC}.Ad-Hoc|ARM.ActiveCfg = Release|ARM
		{C8FCA4E8-5E5B-4B79-95A9-A74383823FEC}.Ad-Hoc|ARM.Build.0 = Release|ARM
		{C8FCA4E8-5E5B-4B79-95A9-A74383823FEC}.Ad-Hoc|ARM.Deploy.0 = Release|ARM
		{C8FCA4E8-5E5B-4B79-95A9-A74383823FEC}.Ad-Hoc|iPhone.ActiveCfg = Release|Any CPU
		{C8FCA4E8-5E5B-4B79-95A9-A74383823FEC}.Ad-Hoc|iPhoneSimulator.ActiveCfg = Release|Any CPU
		{C8FCA4E8-5E5B-4B79-95A9-A74383823FEC}.Ad-Hoc|Mixed Platforms.ActiveCfg = Release|x86
		{C8FCA4E8-5E5B-4B79-95A9-A74383823FEC}.Ad-Hoc|Mixed Platforms.Build.0 = Release|x86
		{C8FCA4E8-5E5B-4B79-95A9-A74383823FEC}.Ad-Hoc|Mixed Platforms.Deploy.0 = Release|x86
		{C8FCA4E8-5E5B-4B79-95A9-A74383823FEC}.Ad-Hoc|x64.ActiveCfg = Release|x64
		{C8FCA4E8-5E5B-4B79-95A9-A74383823FEC}.Ad-Hoc|x64.Build.0 = Release|x64
		{C8FCA4E8-5E5B-4B79-95A9-A74383823FEC}.Ad-Hoc|x64.Deploy.0 = Release|x64
		{C8FCA4E8-5E5B-4B79-95A9-A74383823FEC}.Ad-Hoc|x86.ActiveCfg = Release|x86
		{C8FCA4E8-5E5B-4B79-95A9-A74383823FEC}.Ad-Hoc|x86.Build.0 = Release|x86
		{C8FCA4E8-5E5B-4B79-95A9-A74383823FEC}.Ad-Hoc|x86.Deploy.0 = Release|x86
		{C8FCA4E8-5E5B-4B79-95A9-A74383823FEC}.AppStore|Any CPU.ActiveCfg = Release|Any CPU
		{C8FCA4E8-5E5B-4B79-95A9-A74383823FEC}.AppStore|Any CPU.Build.0 = Release|Any CPU
		{C8FCA4E8-5E5B-4B79-95A9-A74383823FEC}.AppStore|Any CPU.Deploy.0 = Release|Any CPU
		{C8FCA4E8-5E5B-4B79-95A9-A74383823FEC}.AppStore|ARM.ActiveCfg = Release|ARM
		{C8FCA4E8-5E5B-4B79-95A9-A74383823FEC}.AppStore|ARM.Build.0 = Release|ARM
		{C8FCA4E8-5E5B-4B79-95A9-A74383823FEC}.AppStore|ARM.Deploy.0 = Release|ARM
		{C8FCA4E8-5E5B-4B79-95A9-A74383823FEC}.AppStore|iPhone.ActiveCfg = Release|Any CPU
		{C8FCA4E8-5E5B-4B79-95A9-A74383823FEC}.AppStore|iPhoneSimulator.ActiveCfg = Release|Any CPU
		{C8FCA4E8-5E5B-4B79-95A9-A74383823FEC}.AppStore|Mixed Platforms.ActiveCfg = Release|x86
		{C8FCA4E8-5E5B-4B79-95A9-A74383823FEC}.AppStore|Mixed Platforms.Build.0 = Release|x86
		{C8FCA4E8-5E5B-4B79-95A9-A74383823FEC}.AppStore|Mixed Platforms.Deploy.0 = Release|x86
		{C8FCA4E8-5E5B-4B79-95A9-A74383823FEC}.AppStore|x64.ActiveCfg = Release|x64
		{C8FCA4E8-5E5B-4B79-95A9-A74383823FEC}.AppStore|x64.Build.0 = Release|x64
		{C8FCA4E8-5E5B-4B79-95A9-A74383823FEC}.AppStore|x64.Deploy.0 = Release|x64
		{C8FCA4E8-5E5B-4B79-95A9-A74383823FEC}.AppStore|x86.ActiveCfg = Release|x86
		{C8FCA4E8-5E5B-4B79-95A9-A74383823FEC}.AppStore|x86.Build.0 = Release|x86
		{C8FCA4E8-5E5B-4B79-95A9-A74383823FEC}.AppStore|x86.Deploy.0 = Release|x86
		{C8FCA4E8-5E5B-4B79-95A9-A74383823FEC}.Debug|Any CPU.ActiveCfg = Debug|Any CPU
		{C8FCA4E8-5E5B-4B79-95A9-A74383823FEC}.Debug|Any CPU.Build.0 = Debug|Any CPU
		{C8FCA4E8-5E5B-4B79-95A9-A74383823FEC}.Debug|Any CPU.Deploy.0 = Debug|Any CPU
		{C8FCA4E8-5E5B-4B79-95A9-A74383823FEC}.Debug|ARM.ActiveCfg = Debug|ARM
		{C8FCA4E8-5E5B-4B79-95A9-A74383823FEC}.Debug|ARM.Build.0 = Debug|ARM
		{C8FCA4E8-5E5B-4B79-95A9-A74383823FEC}.Debug|ARM.Deploy.0 = Debug|ARM
		{C8FCA4E8-5E5B-4B79-95A9-A74383823FEC}.Debug|iPhone.ActiveCfg = Debug|Any CPU
		{C8FCA4E8-5E5B-4B79-95A9-A74383823FEC}.Debug|iPhoneSimulator.ActiveCfg = Debug|Any CPU
		{C8FCA4E8-5E5B-4B79-95A9-A74383823FEC}.Debug|Mixed Platforms.ActiveCfg = Debug|x86
		{C8FCA4E8-5E5B-4B79-95A9-A74383823FEC}.Debug|Mixed Platforms.Build.0 = Debug|x86
		{C8FCA4E8-5E5B-4B79-95A9-A74383823FEC}.Debug|Mixed Platforms.Deploy.0 = Debug|x86
		{C8FCA4E8-5E5B-4B79-95A9-A74383823FEC}.Debug|x64.ActiveCfg = Debug|x64
		{C8FCA4E8-5E5B-4B79-95A9-A74383823FEC}.Debug|x64.Build.0 = Debug|x64
		{C8FCA4E8-5E5B-4B79-95A9-A74383823FEC}.Debug|x64.Deploy.0 = Debug|x64
		{C8FCA4E8-5E5B-4B79-95A9-A74383823FEC}.Debug|x86.ActiveCfg = Debug|x86
		{C8FCA4E8-5E5B-4B79-95A9-A74383823FEC}.Debug|x86.Build.0 = Debug|x86
		{C8FCA4E8-5E5B-4B79-95A9-A74383823FEC}.Debug|x86.Deploy.0 = Debug|x86
		{C8FCA4E8-5E5B-4B79-95A9-A74383823FEC}.Release|Any CPU.ActiveCfg = Release|Any CPU
		{C8FCA4E8-5E5B-4B79-95A9-A74383823FEC}.Release|Any CPU.Build.0 = Release|Any CPU
		{C8FCA4E8-5E5B-4B79-95A9-A74383823FEC}.Release|Any CPU.Deploy.0 = Release|Any CPU
		{C8FCA4E8-5E5B-4B79-95A9-A74383823FEC}.Release|ARM.ActiveCfg = Release|ARM
		{C8FCA4E8-5E5B-4B79-95A9-A74383823FEC}.Release|ARM.Build.0 = Release|ARM
		{C8FCA4E8-5E5B-4B79-95A9-A74383823FEC}.Release|ARM.Deploy.0 = Release|ARM
		{C8FCA4E8-5E5B-4B79-95A9-A74383823FEC}.Release|iPhone.ActiveCfg = Release|Any CPU
		{C8FCA4E8-5E5B-4B79-95A9-A74383823FEC}.Release|iPhoneSimulator.ActiveCfg = Release|Any CPU
		{C8FCA4E8-5E5B-4B79-95A9-A74383823FEC}.Release|Mixed Platforms.ActiveCfg = Release|x86
		{C8FCA4E8-5E5B-4B79-95A9-A74383823FEC}.Release|Mixed Platforms.Build.0 = Release|x86
		{C8FCA4E8-5E5B-4B79-95A9-A74383823FEC}.Release|Mixed Platforms.Deploy.0 = Release|x86
		{C8FCA4E8-5E5B-4B79-95A9-A74383823FEC}.Release|x64.ActiveCfg = Release|x64
		{C8FCA4E8-5E5B-4B79-95A9-A74383823FEC}.Release|x64.Build.0 = Release|x64
		{C8FCA4E8-5E5B-4B79-95A9-A74383823FEC}.Release|x64.Deploy.0 = Release|x64
		{C8FCA4E8-5E5B-4B79-95A9-A74383823FEC}.Release|x86.ActiveCfg = Release|x86
		{C8FCA4E8-5E5B-4B79-95A9-A74383823FEC}.Release|x86.Build.0 = Release|x86
		{C8FCA4E8-5E5B-4B79-95A9-A74383823FEC}.Release|x86.Deploy.0 = Release|x86
		{07F1CD1B-626F-4BE5-9840-97B44CBB94C9}.Ad-Hoc|Any CPU.ActiveCfg = Ad-Hoc|iPhone
		{07F1CD1B-626F-4BE5-9840-97B44CBB94C9}.Ad-Hoc|ARM.ActiveCfg = Ad-Hoc|iPhone
		{07F1CD1B-626F-4BE5-9840-97B44CBB94C9}.Ad-Hoc|iPhone.ActiveCfg = Ad-Hoc|iPhone
		{07F1CD1B-626F-4BE5-9840-97B44CBB94C9}.Ad-Hoc|iPhone.Build.0 = Ad-Hoc|iPhone
		{07F1CD1B-626F-4BE5-9840-97B44CBB94C9}.Ad-Hoc|iPhone.Deploy.0 = Ad-Hoc|iPhone
		{07F1CD1B-626F-4BE5-9840-97B44CBB94C9}.Ad-Hoc|iPhoneSimulator.ActiveCfg = Ad-Hoc|iPhoneSimulator
		{07F1CD1B-626F-4BE5-9840-97B44CBB94C9}.Ad-Hoc|iPhoneSimulator.Build.0 = Ad-Hoc|iPhoneSimulator
		{07F1CD1B-626F-4BE5-9840-97B44CBB94C9}.Ad-Hoc|iPhoneSimulator.Deploy.0 = Ad-Hoc|iPhoneSimulator
		{07F1CD1B-626F-4BE5-9840-97B44CBB94C9}.Ad-Hoc|Mixed Platforms.ActiveCfg = Ad-Hoc|iPhone
		{07F1CD1B-626F-4BE5-9840-97B44CBB94C9}.Ad-Hoc|Mixed Platforms.Build.0 = Ad-Hoc|iPhone
		{07F1CD1B-626F-4BE5-9840-97B44CBB94C9}.Ad-Hoc|Mixed Platforms.Deploy.0 = Ad-Hoc|iPhone
		{07F1CD1B-626F-4BE5-9840-97B44CBB94C9}.Ad-Hoc|x64.ActiveCfg = Ad-Hoc|iPhone
		{07F1CD1B-626F-4BE5-9840-97B44CBB94C9}.Ad-Hoc|x86.ActiveCfg = Ad-Hoc|iPhone
		{07F1CD1B-626F-4BE5-9840-97B44CBB94C9}.AppStore|Any CPU.ActiveCfg = AppStore|iPhone
		{07F1CD1B-626F-4BE5-9840-97B44CBB94C9}.AppStore|ARM.ActiveCfg = AppStore|iPhone
		{07F1CD1B-626F-4BE5-9840-97B44CBB94C9}.AppStore|iPhone.ActiveCfg = AppStore|iPhone
		{07F1CD1B-626F-4BE5-9840-97B44CBB94C9}.AppStore|iPhone.Build.0 = AppStore|iPhone
		{07F1CD1B-626F-4BE5-9840-97B44CBB94C9}.AppStore|iPhone.Deploy.0 = AppStore|iPhone
		{07F1CD1B-626F-4BE5-9840-97B44CBB94C9}.AppStore|iPhoneSimulator.ActiveCfg = AppStore|iPhoneSimulator
		{07F1CD1B-626F-4BE5-9840-97B44CBB94C9}.AppStore|iPhoneSimulator.Build.0 = AppStore|iPhoneSimulator
		{07F1CD1B-626F-4BE5-9840-97B44CBB94C9}.AppStore|iPhoneSimulator.Deploy.0 = AppStore|iPhoneSimulator
		{07F1CD1B-626F-4BE5-9840-97B44CBB94C9}.AppStore|Mixed Platforms.ActiveCfg = AppStore|iPhone
		{07F1CD1B-626F-4BE5-9840-97B44CBB94C9}.AppStore|Mixed Platforms.Build.0 = AppStore|iPhone
		{07F1CD1B-626F-4BE5-9840-97B44CBB94C9}.AppStore|Mixed Platforms.Deploy.0 = AppStore|iPhone
		{07F1CD1B-626F-4BE5-9840-97B44CBB94C9}.AppStore|x64.ActiveCfg = AppStore|iPhone
		{07F1CD1B-626F-4BE5-9840-97B44CBB94C9}.AppStore|x86.ActiveCfg = AppStore|iPhone
		{07F1CD1B-626F-4BE5-9840-97B44CBB94C9}.Debug|Any CPU.ActiveCfg = Debug|iPhone
		{07F1CD1B-626F-4BE5-9840-97B44CBB94C9}.Debug|ARM.ActiveCfg = Debug|iPhone
		{07F1CD1B-626F-4BE5-9840-97B44CBB94C9}.Debug|iPhone.ActiveCfg = Debug|iPhone
		{07F1CD1B-626F-4BE5-9840-97B44CBB94C9}.Debug|iPhone.Build.0 = Debug|iPhone
		{07F1CD1B-626F-4BE5-9840-97B44CBB94C9}.Debug|iPhone.Deploy.0 = Debug|iPhone
		{07F1CD1B-626F-4BE5-9840-97B44CBB94C9}.Debug|iPhoneSimulator.ActiveCfg = Debug|iPhoneSimulator
		{07F1CD1B-626F-4BE5-9840-97B44CBB94C9}.Debug|iPhoneSimulator.Build.0 = Debug|iPhoneSimulator
		{07F1CD1B-626F-4BE5-9840-97B44CBB94C9}.Debug|iPhoneSimulator.Deploy.0 = Debug|iPhoneSimulator
		{07F1CD1B-626F-4BE5-9840-97B44CBB94C9}.Debug|Mixed Platforms.ActiveCfg = Debug|iPhone
		{07F1CD1B-626F-4BE5-9840-97B44CBB94C9}.Debug|Mixed Platforms.Build.0 = Debug|iPhone
		{07F1CD1B-626F-4BE5-9840-97B44CBB94C9}.Debug|Mixed Platforms.Deploy.0 = Debug|iPhone
		{07F1CD1B-626F-4BE5-9840-97B44CBB94C9}.Debug|x64.ActiveCfg = Debug|iPhone
		{07F1CD1B-626F-4BE5-9840-97B44CBB94C9}.Debug|x86.ActiveCfg = Debug|iPhone
		{07F1CD1B-626F-4BE5-9840-97B44CBB94C9}.Release|Any CPU.ActiveCfg = Release|iPhone
		{07F1CD1B-626F-4BE5-9840-97B44CBB94C9}.Release|ARM.ActiveCfg = Release|iPhone
		{07F1CD1B-626F-4BE5-9840-97B44CBB94C9}.Release|iPhone.ActiveCfg = Release|iPhone
		{07F1CD1B-626F-4BE5-9840-97B44CBB94C9}.Release|iPhone.Build.0 = Release|iPhone
		{07F1CD1B-626F-4BE5-9840-97B44CBB94C9}.Release|iPhone.Deploy.0 = Release|iPhone
		{07F1CD1B-626F-4BE5-9840-97B44CBB94C9}.Release|iPhoneSimulator.ActiveCfg = Release|iPhoneSimulator
		{07F1CD1B-626F-4BE5-9840-97B44CBB94C9}.Release|iPhoneSimulator.Build.0 = Release|iPhoneSimulator
		{07F1CD1B-626F-4BE5-9840-97B44CBB94C9}.Release|iPhoneSimulator.Deploy.0 = Release|iPhoneSimulator
		{07F1CD1B-626F-4BE5-9840-97B44CBB94C9}.Release|Mixed Platforms.ActiveCfg = Release|iPhone
		{07F1CD1B-626F-4BE5-9840-97B44CBB94C9}.Release|Mixed Platforms.Build.0 = Release|iPhone
		{07F1CD1B-626F-4BE5-9840-97B44CBB94C9}.Release|Mixed Platforms.Deploy.0 = Release|iPhone
		{07F1CD1B-626F-4BE5-9840-97B44CBB94C9}.Release|x64.ActiveCfg = Release|iPhone
		{07F1CD1B-626F-4BE5-9840-97B44CBB94C9}.Release|x86.ActiveCfg = Release|iPhone
		{A2D0E166-5A88-41E0-A8AA-87F9EF97B6B3}.Ad-Hoc|Any CPU.ActiveCfg = Release|Any CPU
		{A2D0E166-5A88-41E0-A8AA-87F9EF97B6B3}.Ad-Hoc|Any CPU.Build.0 = Release|Any CPU
		{A2D0E166-5A88-41E0-A8AA-87F9EF97B6B3}.Ad-Hoc|ARM.ActiveCfg = Release|Any CPU
		{A2D0E166-5A88-41E0-A8AA-87F9EF97B6B3}.Ad-Hoc|iPhone.ActiveCfg = Release|Any CPU
		{A2D0E166-5A88-41E0-A8AA-87F9EF97B6B3}.Ad-Hoc|iPhoneSimulator.ActiveCfg = Release|Any CPU
		{A2D0E166-5A88-41E0-A8AA-87F9EF97B6B3}.Ad-Hoc|Mixed Platforms.ActiveCfg = Release|Any CPU
		{A2D0E166-5A88-41E0-A8AA-87F9EF97B6B3}.Ad-Hoc|Mixed Platforms.Build.0 = Release|Any CPU
		{A2D0E166-5A88-41E0-A8AA-87F9EF97B6B3}.Ad-Hoc|x64.ActiveCfg = Release|Any CPU
		{A2D0E166-5A88-41E0-A8AA-87F9EF97B6B3}.Ad-Hoc|x86.ActiveCfg = Release|Any CPU
		{A2D0E166-5A88-41E0-A8AA-87F9EF97B6B3}.AppStore|Any CPU.ActiveCfg = Release|Any CPU
		{A2D0E166-5A88-41E0-A8AA-87F9EF97B6B3}.AppStore|Any CPU.Build.0 = Release|Any CPU
		{A2D0E166-5A88-41E0-A8AA-87F9EF97B6B3}.AppStore|ARM.ActiveCfg = Release|Any CPU
		{A2D0E166-5A88-41E0-A8AA-87F9EF97B6B3}.AppStore|iPhone.ActiveCfg = Release|Any CPU
		{A2D0E166-5A88-41E0-A8AA-87F9EF97B6B3}.AppStore|iPhoneSimulator.ActiveCfg = Release|Any CPU
		{A2D0E166-5A88-41E0-A8AA-87F9EF97B6B3}.AppStore|Mixed Platforms.ActiveCfg = Release|Any CPU
		{A2D0E166-5A88-41E0-A8AA-87F9EF97B6B3}.AppStore|Mixed Platforms.Build.0 = Release|Any CPU
		{A2D0E166-5A88-41E0-A8AA-87F9EF97B6B3}.AppStore|x64.ActiveCfg = Release|Any CPU
		{A2D0E166-5A88-41E0-A8AA-87F9EF97B6B3}.AppStore|x86.ActiveCfg = Release|Any CPU
		{A2D0E166-5A88-41E0-A8AA-87F9EF97B6B3}.Debug|Any CPU.ActiveCfg = Debug|Any CPU
		{A2D0E166-5A88-41E0-A8AA-87F9EF97B6B3}.Debug|Any CPU.Build.0 = Debug|Any CPU
		{A2D0E166-5A88-41E0-A8AA-87F9EF97B6B3}.Debug|ARM.ActiveCfg = Debug|Any CPU
		{A2D0E166-5A88-41E0-A8AA-87F9EF97B6B3}.Debug|iPhone.ActiveCfg = Debug|Any CPU
		{A2D0E166-5A88-41E0-A8AA-87F9EF97B6B3}.Debug|iPhoneSimulator.ActiveCfg = Debug|Any CPU
		{A2D0E166-5A88-41E0-A8AA-87F9EF97B6B3}.Debug|Mixed Platforms.ActiveCfg = Debug|Any CPU
		{A2D0E166-5A88-41E0-A8AA-87F9EF97B6B3}.Debug|Mixed Platforms.Build.0 = Debug|Any CPU
		{A2D0E166-5A88-41E0-A8AA-87F9EF97B6B3}.Debug|x64.ActiveCfg = Debug|Any CPU
		{A2D0E166-5A88-41E0-A8AA-87F9EF97B6B3}.Debug|x86.ActiveCfg = Debug|Any CPU
		{A2D0E166-5A88-41E0-A8AA-87F9EF97B6B3}.Release|Any CPU.ActiveCfg = Release|Any CPU
		{A2D0E166-5A88-41E0-A8AA-87F9EF97B6B3}.Release|Any CPU.Build.0 = Release|Any CPU
		{A2D0E166-5A88-41E0-A8AA-87F9EF97B6B3}.Release|ARM.ActiveCfg = Release|Any CPU
		{A2D0E166-5A88-41E0-A8AA-87F9EF97B6B3}.Release|iPhone.ActiveCfg = Release|Any CPU
		{A2D0E166-5A88-41E0-A8AA-87F9EF97B6B3}.Release|iPhoneSimulator.ActiveCfg = Release|Any CPU
		{A2D0E166-5A88-41E0-A8AA-87F9EF97B6B3}.Release|Mixed Platforms.ActiveCfg = Release|Any CPU
		{A2D0E166-5A88-41E0-A8AA-87F9EF97B6B3}.Release|Mixed Platforms.Build.0 = Release|Any CPU
		{A2D0E166-5A88-41E0-A8AA-87F9EF97B6B3}.Release|x64.ActiveCfg = Release|Any CPU
		{A2D0E166-5A88-41E0-A8AA-87F9EF97B6B3}.Release|x86.ActiveCfg = Release|Any CPU
	EndGlobalSection
	GlobalSection(SolutionProperties) = preSolution
		HideSolutionNode = FALSE
	EndGlobalSection
EndGlobal
